
Microsoft Visual Studio Solution File, Format Version 12.00
# Visual Studio Express 2012 for Windows Desktop
Project("{FAE04EC0-301F-11D3-BF4B-00C04F79EFBC}") = "log2Syslog", "log2Syslog\log2Syslog.csproj", "{C0C5F355-3ED6-4C7E-9CCB-ED1894F17A39}"
EndProject
Global
	GlobalSection(SolutionConfigurationPlatforms) = preSolution
		Debug|Any CPU = Debug|Any CPU
		Release|Any CPU = Release|Any CPU
	EndGlobalSection
	GlobalSection(ProjectConfigurationPlatforms) = postSolution
		{C0C5F355-3ED6-4C7E-9CCB-ED1894F17A39}.Debug|Any CPU.ActiveCfg = Debug|Any CPU
		{C0C5F355-3ED6-4C7E-9CCB-ED1894F17A39}.Debug|Any CPU.Build.0 = Debug|Any CPU
		{C0C5F355-3ED6-4C7E-9CCB-ED1894F17A39}.Release|Any CPU.ActiveCfg = Release|Any CPU
		{C0C5F355-3ED6-4C7E-9CCB-ED1894F17A39}.Release|Any CPU.Build.0 = Release|Any CPU
	EndGlobalSection
	GlobalSection(SolutionProperties) = preSolution
		HideSolutionNode = FALSE
	EndGlobalSection
EndGlobal
